{
    "_readme": [
        "This file locks the dependencies of your project to a known state",
        "Read more about it at https://getcomposer.org/doc/01-basic-usage.md#composer-lock-the-lock-file",
        "This file is @generated automatically"
    ],
    "hash": "13f160bb87a78423274b1d5ca4c42f8e",
    "content-hash": "89450e7e99f3b06605d0bddd98e0a965",
    "packages": [
        {
            "name": "overtrue/pinyin",
            "version": "2.6.1",
            "source": {
                "type": "git",
                "url": "https://github.com/overtrue/pinyin.git",
                "reference": "bf033783251130123ac945cc55095195544ee9b6"
            },
            "dist": {
                "type": "zip",
                "url": "https://api.github.com/repos/overtrue/pinyin/zipball/bf033783251130123ac945cc55095195544ee9b6",
                "reference": "bf033783251130123ac945cc55095195544ee9b6",
                "shasum": ""
            },
            "type": "library",
            "autoload": {
                "psr-4": {
                    "Overtrue\\": "src/"
                }
            },
            "notification-url": "https://packagist.org/downloads/",
            "license": [
                "MIT"
            ],
            "authors": [
                {
                    "name": "Carlos",
                    "homepage": "http://github.com/overtrue"
                }
            ],
            "description": "Chinese to pinyin translator.",
            "homepage": "https://github.com/overtrue/pinyin",
            "keywords": [
                "Chinese",
                "Pinyin",
                "cn2pinyin"
            ],
            "time": "2015-09-04 06:33:20"
        }
    ],
    "packages-dev": [],
    "aliases": [],
    "minimum-stability": "stable",
    "stability-flags": [],
    "prefer-stable": false,
    "prefer-lowest": false,
    "platform": [],
    "platform-dev": []
}
